
Microsoft Visual Studio Solution File, Format Version 12.00
# Visual Studio Version 17
VisualStudioVersion = 17.0.31903.59
MinimumVisualStudioVersion = 10.0.40219.1
Project("{2150E333-8FDC-42A3-9474-1A3956D46DE8}") = "src", "src", "{827E0CD3-B72D-47B6-A68D-7590B98EB39B}"
EndProject
Project("{FAE04EC0-301F-11D3-BF4B-00C04F79EFBC}") = "WorkBase.Host", "src\WorkBase.Host\WorkBase.Host.csproj", "{8D1E7AA1-A703-41CC-B621-3D067A62C2B8}"
EndProject
Project("{FAE04EC0-301F-11D3-BF4B-00C04F79EFBC}") = "WorkBase.Shared", "src\WorkBase.Shared\WorkBase.Shared.csproj", "{4BEA98FF-4B7D-4457-A02A-320D50C54552}"
EndProject
Project("{FAE04EC0-301F-11D3-BF4B-00C04F79EFBC}") = "WorkBase.Contracts", "src\WorkBase.Contracts\WorkBase.Contracts.csproj", "{63A055E4-3B2C-4B8A-8076-AFF33819A85C}"
EndProject
Project("{FAE04EC0-301F-11D3-BF4B-00C04F79EFBC}") = "WorkBase.Infrastructure", "src\WorkBase.Infrastructure\WorkBase.Infrastructure.csproj", "{32DFE8DB-35C1-4FBF-A7CD-F2E970BA296B}"
EndProject
Project("{2150E333-8FDC-42A3-9474-1A3956D46DE8}") = "Modules", "Modules", "{EC447DCF-ABFA-6E24-52A5-D7FD48A5C558}"
EndProject
Project("{2150E333-8FDC-42A3-9474-1A3956D46DE8}") = "Organization", "Organization", "{DA0BA8AC-146F-3151-8AAB-4B1C3358FD7A}"
EndProject
Project("{FAE04EC0-301F-11D3-BF4B-00C04F79EFBC}") = "WorkBase.Modules.Organization.Domain", "src\Modules\Organization\WorkBase.Modules.Organization.Domain\WorkBase.Modules.Organization.Domain.csproj", "{410F8D7F-386A-428F-A470-2F49ED108FE1}"
EndProject
Project("{FAE04EC0-301F-11D3-BF4B-00C04F79EFBC}") = "WorkBase.Modules.Organization.Application", "src\Modules\Organization\WorkBase.Modules.Organization.Application\WorkBase.Modules.Organization.Application.csproj", "{17DB5793-FE16-451B-BBF2-2137D95A9E6D}"
EndProject
Project("{FAE04EC0-301F-11D3-BF4B-00C04F79EFBC}") = "WorkBase.Modules.Organization.Infrastructure", "src\Modules\Organization\WorkBase.Modules.Organization.Infrastructure\WorkBase.Modules.Organization.Infrastructure.csproj", "{A846751E-8E9F-4C6B-9FA8-9FE820511AA8}"
EndProject
Project("{FAE04EC0-301F-11D3-BF4B-00C04F79EFBC}") = "WorkBase.Modules.Organization.Api", "src\Modules\Organization\WorkBase.Modules.Organization.Api\WorkBase.Modules.Organization.Api.csproj", "{7F22ACA3-A871-47DD-ACFA-DC9E7D07230B}"
EndProject
Project("{2150E333-8FDC-42A3-9474-1A3956D46DE8}") = "Identity", "Identity", "{0EC62A1A-9858-3A60-8A0C-FC9AACFA2EC7}"
EndProject
Project("{FAE04EC0-301F-11D3-BF4B-00C04F79EFBC}") = "WorkBase.Modules.Identity.Domain", "src\Modules\Identity\WorkBase.Modules.Identity.Domain\WorkBase.Modules.Identity.Domain.csproj", "{FD7FBBAE-34AB-4645-ABE7-998722C91CE0}"
EndProject
Project("{FAE04EC0-301F-11D3-BF4B-00C04F79EFBC}") = "WorkBase.Modules.Identity.Application", "src\Modules\Identity\WorkBase.Modules.Identity.Application\WorkBase.Modules.Identity.Application.csproj", "{AF16C81E-ABEF-45F4-AEA4-6CB62CE63EE1}"
EndProject
Project("{FAE04EC0-301F-11D3-BF4B-00C04F79EFBC}") = "WorkBase.Modules.Identity.Infrastructure", "src\Modules\Identity\WorkBase.Modules.Identity.Infrastructure\WorkBase.Modules.Identity.Infrastructure.csproj", "{5FE39C0C-62A8-4F36-A01F-0BB0EC12DD32}"
EndProject
Project("{FAE04EC0-301F-11D3-BF4B-00C04F79EFBC}") = "WorkBase.Modules.Identity.Api", "src\Modules\Identity\WorkBase.Modules.Identity.Api\WorkBase.Modules.Identity.Api.csproj", "{42CB22AE-FB0A-4D17-9A77-ED5668753DD8}"
EndProject
Project("{2150E333-8FDC-42A3-9474-1A3956D46DE8}") = "TimeTracking", "TimeTracking", "{23E7B9DF-F89C-5EAB-304D-F86FAFEECCF6}"
EndProject
Project("{FAE04EC0-301F-11D3-BF4B-00C04F79EFBC}") = "WorkBase.Modules.TimeTracking.Domain", "src\Modules\TimeTracking\WorkBase.Modules.TimeTracking.Domain\WorkBase.Modules.TimeTracking.Domain.csproj", "{72C2FAC6-BE23-48D9-8F4D-E7AC2DF625F2}"
EndProject
Project("{FAE04EC0-301F-11D3-BF4B-00C04F79EFBC}") = "WorkBase.Modules.TimeTracking.Application", "src\Modules\TimeTracking\WorkBase.Modules.TimeTracking.Application\WorkBase.Modules.TimeTracking.Application.csproj", "{FE269050-711E-4A05-BE30-76843F680774}"
EndProject
Project("{FAE04EC0-301F-11D3-BF4B-00C04F79EFBC}") = "WorkBase.Modules.TimeTracking.Infrastructure", "src\Modules\TimeTracking\WorkBase.Modules.TimeTracking.Infrastructure\WorkBase.Modules.TimeTracking.Infrastructure.csproj", "{AF04B283-5ECF-447C-8934-3215E9A9F07D}"
EndProject
Project("{FAE04EC0-301F-11D3-BF4B-00C04F79EFBC}") = "WorkBase.Modules.TimeTracking.Api", "src\Modules\TimeTracking\WorkBase.Modules.TimeTracking.Api\WorkBase.Modules.TimeTracking.Api.csproj", "{EF611FFB-4829-48CF-83F5-3F3F3A883A44}"
EndProject
Project("{2150E333-8FDC-42A3-9474-1A3956D46DE8}") = "Leave", "Leave", "{D53792AE-36FE-72E8-E36E-7E5EF0791B31}"
EndProject
Project("{FAE04EC0-301F-11D3-BF4B-00C04F79EFBC}") = "WorkBase.Modules.Leave.Domain", "src\Modules\Leave\WorkBase.Modules.Leave.Domain\WorkBase.Modules.Leave.Domain.csproj", "{1C4F2B32-0ECA-4F4A-A17E-4FEC5DA1C5EC}"
EndProject
Project("{FAE04EC0-301F-11D3-BF4B-00C04F79EFBC}") = "WorkBase.Modules.Leave.Application", "src\Modules\Leave\WorkBase.Modules.Leave.Application\WorkBase.Modules.Leave.Application.csproj", "{FEE66715-D421-4909-9364-D4A9848A2CD2}"
EndProject
Project("{FAE04EC0-301F-11D3-BF4B-00C04F79EFBC}") = "WorkBase.Modules.Leave.Infrastructure", "src\Modules\Leave\WorkBase.Modules.Leave.Infrastructure\WorkBase.Modules.Leave.Infrastructure.csproj", "{A21C7DB6-85A3-41CD-A76B-2C128AFA212D}"
EndProject
Project("{FAE04EC0-301F-11D3-BF4B-00C04F79EFBC}") = "WorkBase.Modules.Leave.Api", "src\Modules\Leave\WorkBase.Modules.Leave.Api\WorkBase.Modules.Leave.Api.csproj", "{DB9D651E-1AE8-422F-8A99-21FED3350B18}"
EndProject
Project("{2150E333-8FDC-42A3-9474-1A3956D46DE8}") = "Tasks", "Tasks", "{4C6BDAE4-8D09-3162-71E4-914813D2EA71}"
EndProject
Project("{FAE04EC0-301F-11D3-BF4B-00C04F79EFBC}") = "WorkBase.Modules.Tasks.Domain", "src\Modules\Tasks\WorkBase.Modules.Tasks.Domain\WorkBase.Modules.Tasks.Domain.csproj", "{9CA1E2DE-3554-4D11-8DFD-63139D038C32}"
EndProject
Project("{FAE04EC0-301F-11D3-BF4B-00C04F79EFBC}") = "WorkBase.Modules.Tasks.Application", "src\Modules\Tasks\WorkBase.Modules.Tasks.Application\WorkBase.Modules.Tasks.Application.csproj", "{EC10B69D-1B85-4C7B-840A-80C532235C3B}"
EndProject
Project("{FAE04EC0-301F-11D3-BF4B-00C04F79EFBC}") = "WorkBase.Modules.Tasks.Infrastructure", "src\Modules\Tasks\WorkBase.Modules.Tasks.Infrastructure\WorkBase.Modules.Tasks.Infrastructure.csproj", "{9490FEFA-C840-4310-95B0-213336053AD6}"
EndProject
Project("{FAE04EC0-301F-11D3-BF4B-00C04F79EFBC}") = "WorkBase.Modules.Tasks.Api", "src\Modules\Tasks\WorkBase.Modules.Tasks.Api\WorkBase.Modules.Tasks.Api.csproj", "{1C0A0817-B21E-4BDF-94FB-CE387F86A038}"
EndProject
Project("{2150E333-8FDC-42A3-9474-1A3956D46DE8}") = "Workflow", "Workflow", "{4AE10D05-DD3E-F48E-F17B-B26EA748633E}"
EndProject
Project("{FAE04EC0-301F-11D3-BF4B-00C04F79EFBC}") = "WorkBase.Modules.Workflow.Domain", "src\Modules\Workflow\WorkBase.Modules.Workflow.Domain\WorkBase.Modules.Workflow.Domain.csproj", "{8826C242-9FC0-4D10-91A6-D87F87B97261}"
EndProject
Project("{FAE04EC0-301F-11D3-BF4B-00C04F79EFBC}") = "WorkBase.Modules.Workflow.Application", "src\Modules\Workflow\WorkBase.Modules.Workflow.Application\WorkBase.Modules.Workflow.Application.csproj", "{F76791DD-F1BF-43EF-A68D-17F2A33CB0D4}"
EndProject
Project("{FAE04EC0-301F-11D3-BF4B-00C04F79EFBC}") = "WorkBase.Modules.Workflow.Infrastructure", "src\Modules\Workflow\WorkBase.Modules.Workflow.Infrastructure\WorkBase.Modules.Workflow.Infrastructure.csproj", "{1904EA3A-B73D-48B3-8E09-AE498667CA35}"
EndProject
Project("{FAE04EC0-301F-11D3-BF4B-00C04F79EFBC}") = "WorkBase.Modules.Workflow.Api", "src\Modules\Workflow\WorkBase.Modules.Workflow.Api\WorkBase.Modules.Workflow.Api.csproj", "{4D051CCD-6726-4243-AEEE-42E147FB4D09}"
EndProject
Project("{2150E333-8FDC-42A3-9474-1A3956D46DE8}") = "Dashboard", "Dashboard", "{9BF2A726-9349-1429-64E4-F5B69F0CD98D}"
EndProject
Project("{FAE04EC0-301F-11D3-BF4B-00C04F79EFBC}") = "WorkBase.Modules.Dashboard.Domain", "src\Modules\Dashboard\WorkBase.Modules.Dashboard.Domain\WorkBase.Modules.Dashboard.Domain.csproj", "{50E64B00-B856-478B-9528-4C9DAD3AA7B2}"
EndProject
Project("{FAE04EC0-301F-11D3-BF4B-00C04F79EFBC}") = "WorkBase.Modules.Dashboard.Application", "src\Modules\Dashboard\WorkBase.Modules.Dashboard.Application\WorkBase.Modules.Dashboard.Application.csproj", "{62B5F369-5181-491E-8452-02A31F997D6B}"
EndProject
Project("{FAE04EC0-301F-11D3-BF4B-00C04F79EFBC}") = "WorkBase.Modules.Dashboard.Infrastructure", "src\Modules\Dashboard\WorkBase.Modules.Dashboard.Infrastructure\WorkBase.Modules.Dashboard.Infrastructure.csproj", "{F3910316-C995-42CA-B5E2-B9E5B0B08142}"
EndProject
Project("{FAE04EC0-301F-11D3-BF4B-00C04F79EFBC}") = "WorkBase.Modules.Dashboard.Api", "src\Modules\Dashboard\WorkBase.Modules.Dashboard.Api\WorkBase.Modules.Dashboard.Api.csproj", "{175AA89B-172E-4AC7-ACCC-8E81D0FF6661}"
EndProject
Project("{2150E333-8FDC-42A3-9474-1A3956D46DE8}") = "Notification", "Notification", "{4F8133DB-A301-0A1E-3DDE-929E67CC9B96}"
EndProject
Project("{FAE04EC0-301F-11D3-BF4B-00C04F79EFBC}") = "WorkBase.Modules.Notification.Domain", "src\Modules\Notification\WorkBase.Modules.Notification.Domain\WorkBase.Modules.Notification.Domain.csproj", "{AD2A6D66-9655-4944-ADFA-0D05B9A6295E}"
EndProject
Project("{FAE04EC0-301F-11D3-BF4B-00C04F79EFBC}") = "WorkBase.Modules.Notification.Application", "src\Modules\Notification\WorkBase.Modules.Notification.Application\WorkBase.Modules.Notification.Application.csproj", "{43445F4C-E26C-4102-8625-7EB8E57CFE92}"
EndProject
Project("{FAE04EC0-301F-11D3-BF4B-00C04F79EFBC}") = "WorkBase.Modules.Notification.Infrastructure", "src\Modules\Notification\WorkBase.Modules.Notification.Infrastructure\WorkBase.Modules.Notification.Infrastructure.csproj", "{9A7A60DF-629D-44CA-8F6D-005D87EBC809}"
EndProject
Project("{FAE04EC0-301F-11D3-BF4B-00C04F79EFBC}") = "WorkBase.Modules.Notification.Api", "src\Modules\Notification\WorkBase.Modules.Notification.Api\WorkBase.Modules.Notification.Api.csproj", "{B5516940-4F6A-44B2-8EA9-8CBDC443A092}"
EndProject
Project("{2150E333-8FDC-42A3-9474-1A3956D46DE8}") = "Documents", "Documents", "{09A91B6C-79E6-0968-6169-7E6887562B47}"
EndProject
Project("{FAE04EC0-301F-11D3-BF4B-00C04F79EFBC}") = "WorkBase.Modules.Documents.Domain", "src\Modules\Documents\WorkBase.Modules.Documents.Domain\WorkBase.Modules.Documents.Domain.csproj", "{4948853E-B3B3-46D2-A772-E890F00B6F4A}"
EndProject
Project("{FAE04EC0-301F-11D3-BF4B-00C04F79EFBC}") = "WorkBase.Modules.Documents.Application", "src\Modules\Documents\WorkBase.Modules.Documents.Application\WorkBase.Modules.Documents.Application.csproj", "{91110D77-40BA-4F19-92FB-54FAB2536945}"
EndProject
Project("{FAE04EC0-301F-11D3-BF4B-00C04F79EFBC}") = "WorkBase.Modules.Documents.Infrastructure", "src\Modules\Documents\WorkBase.Modules.Documents.Infrastructure\WorkBase.Modules.Documents.Infrastructure.csproj", "{1C982D4F-54C0-446D-9EBC-A684D7977AAF}"
EndProject
Project("{FAE04EC0-301F-11D3-BF4B-00C04F79EFBC}") = "WorkBase.Modules.Documents.Api", "src\Modules\Documents\WorkBase.Modules.Documents.Api\WorkBase.Modules.Documents.Api.csproj", "{3C634335-70AC-4B28-AF52-8C1355F512A6}"
EndProject
Project("{2150E333-8FDC-42A3-9474-1A3956D46DE8}") = "tests", "tests", "{0AB3BF05-4346-4AA6-1389-037BE0695223}"
EndProject
Project("{FAE04EC0-301F-11D3-BF4B-00C04F79EFBC}") = "WorkBase.Tests.Unit", "tests\WorkBase.Tests.Unit\WorkBase.Tests.Unit.csproj", "{C6A6063F-30AF-4318-B3E1-7E5F2E385377}"
EndProject
Project("{FAE04EC0-301F-11D3-BF4B-00C04F79EFBC}") = "WorkBase.Tests.Integration", "tests\WorkBase.Tests.Integration\WorkBase.Tests.Integration.csproj", "{231E3A79-5522-4E5D-BC5C-4B90AD73BBE3}"
EndProject
Project("{FAE04EC0-301F-11D3-BF4B-00C04F79EFBC}") = "WorkBase.Tests.Architecture", "tests\WorkBase.Tests.Architecture\WorkBase.Tests.Architecture.csproj", "{817268A3-BCC4-48B1-91C2-EDB5C279339A}"
EndProject
Global
	GlobalSection(SolutionConfigurationPlatforms) = preSolution
		Debug|Any CPU = Debug|Any CPU
		Debug|x64 = Debug|x64
		Debug|x86 = Debug|x86
		Release|Any CPU = Release|Any CPU
		Release|x64 = Release|x64
		Release|x86 = Release|x86
	EndGlobalSection
	GlobalSection(ProjectConfigurationPlatforms) = postSolution
		{8D1E7AA1-A703-41CC-B621-3D067A62C2B8}.Debug|Any CPU.ActiveCfg = Debug|Any CPU
		{8D1E7AA1-A703-41CC-B621-3D067A62C2B8}.Debug|Any CPU.Build.0 = Debug|Any CPU
		{8D1E7AA1-A703-41CC-B621-3D067A62C2B8}.Debug|x64.ActiveCfg = Debug|Any CPU
		{8D1E7AA1-A703-41CC-B621-3D067A62C2B8}.Debug|x64.Build.0 = Debug|Any CPU
		{8D1E7AA1-A703-41CC-B621-3D067A62C2B8}.Debug|x86.ActiveCfg = Debug|Any CPU
		{8D1E7AA1-A703-41CC-B621-3D067A62C2B8}.Debug|x86.Build.0 = Debug|Any CPU
		{8D1E7AA1-A703-41CC-B621-3D067A62C2B8}.Release|Any CPU.ActiveCfg = Release|Any CPU
		{8D1E7AA1-A703-41CC-B621-3D067A62C2B8}.Release|Any CPU.Build.0 = Release|Any CPU
		{8D1E7AA1-A703-41CC-B621-3D067A62C2B8}.Release|x64.ActiveCfg = Release|Any CPU
		{8D1E7AA1-A703-41CC-B621-3D067A62C2B8}.Release|x64.Build.0 = Release|Any CPU
		{8D1E7AA1-A703-41CC-B621-3D067A62C2B8}.Release|x86.ActiveCfg = Release|Any CPU
		{8D1E7AA1-A703-41CC-B621-3D067A62C2B8}.Release|x86.Build.0 = Release|Any CPU
		{4BEA98FF-4B7D-4457-A02A-320D50C54552}.Debug|Any CPU.ActiveCfg = Debug|Any CPU
		{4BEA98FF-4B7D-4457-A02A-320D50C54552}.Debug|Any CPU.Build.0 = Debug|Any CPU
		{4BEA98FF-4B7D-4457-A02A-320D50C54552}.Debug|x64.ActiveCfg = Debug|Any CPU
		{4BEA98FF-4B7D-4457-A02A-320D50C54552}.Debug|x64.Build.0 = Debug|Any CPU
		{4BEA98FF-4B7D-4457-A02A-320D50C54552}.Debug|x86.ActiveCfg = Debug|Any CPU
		{4BEA98FF-4B7D-4457-A02A-320D50C54552}.Debug|x86.Build.0 = Debug|Any CPU
		{4BEA98FF-4B7D-4457-A02A-320D50C54552}.Release|Any CPU.ActiveCfg = Release|Any CPU
		{4BEA98FF-4B7D-4457-A02A-320D50C54552}.Release|Any CPU.Build.0 = Release|Any CPU
		{4BEA98FF-4B7D-4457-A02A-320D50C54552}.Release|x64.ActiveCfg = Release|Any CPU
		{4BEA98FF-4B7D-4457-A02A-320D50C54552}.Release|x64.Build.0 = Release|Any CPU
		{4BEA98FF-4B7D-4457-A02A-320D50C54552}.Release|x86.ActiveCfg = Release|Any CPU
		{4BEA98FF-4B7D-4457-A02A-320D50C54552}.Release|x86.Build.0 = Release|Any CPU
		{63A055E4-3B2C-4B8A-8076-AFF33819A85C}.Debug|Any CPU.ActiveCfg = Debug|Any CPU
		{63A055E4-3B2C-4B8A-8076-AFF33819A85C}.Debug|Any CPU.Build.0 = Debug|Any CPU
		{63A055E4-3B2C-4B8A-8076-AFF33819A85C}.Debug|x64.ActiveCfg = Debug|Any CPU
		{63A055E4-3B2C-4B8A-8076-AFF33819A85C}.Debug|x64.Build.0 = Debug|Any CPU
		{63A055E4-3B2C-4B8A-8076-AFF33819A85C}.Debug|x86.ActiveCfg = Debug|Any CPU
		{63A055E4-3B2C-4B8A-8076-AFF33819A85C}.Debug|x86.Build.0 = Debug|Any CPU
		{63A055E4-3B2C-4B8A-8076-AFF33819A85C}.Release|Any CPU.ActiveCfg = Release|Any CPU
		{63A055E4-3B2C-4B8A-8076-AFF33819A85C}.Release|Any CPU.Build.0 = Release|Any CPU
		{63A055E4-3B2C-4B8A-8076-AFF33819A85C}.Release|x64.ActiveCfg = Release|Any CPU
		{63A055E4-3B2C-4B8A-8076-AFF33819A85C}.Release|x64.Build.0 = Release|Any CPU
		{63A055E4-3B2C-4B8A-8076-AFF33819A85C}.Release|x86.ActiveCfg = Release|Any CPU
		{63A055E4-3B2C-4B8A-8076-AFF33819A85C}.Release|x86.Build.0 = Release|Any CPU
		{32DFE8DB-35C1-4FBF-A7CD-F2E970BA296B}.Debug|Any CPU.ActiveCfg = Debug|Any CPU
		{32DFE8DB-35C1-4FBF-A7CD-F2E970BA296B}.Debug|Any CPU.Build.0 = Debug|Any CPU
		{32DFE8DB-35C1-4FBF-A7CD-F2E970BA296B}.Debug|x64.ActiveCfg = Debug|Any CPU
		{32DFE8DB-35C1-4FBF-A7CD-F2E970BA296B}.Debug|x64.Build.0 = Debug|Any CPU
		{32DFE8DB-35C1-4FBF-A7CD-F2E970BA296B}.Debug|x86.ActiveCfg = Debug|Any CPU
		{32DFE8DB-35C1-4FBF-A7CD-F2E970BA296B}.Debug|x86.Build.0 = Debug|Any CPU
		{32DFE8DB-35C1-4FBF-A7CD-F2E970BA296B}.Release|Any CPU.ActiveCfg = Release|Any CPU
		{32DFE8DB-35C1-4FBF-A7CD-F2E970BA296B}.Release|Any CPU.Build.0 = Release|Any CPU
		{32DFE8DB-35C1-4FBF-A7CD-F2E970BA296B}.Release|x64.ActiveCfg = Release|Any CPU
		{32DFE8DB-35C1-4FBF-A7CD-F2E970BA296B}.Release|x64.Build.0 = Release|Any CPU
		{32DFE8DB-35C1-4FBF-A7CD-F2E970BA296B}.Release|x86.ActiveCfg = Release|Any CPU
		{32DFE8DB-35C1-4FBF-A7CD-F2E970BA296B}.Release|x86.Build.0 = Release|Any CPU
		{410F8D7F-386A-428F-A470-2F49ED108FE1}.Debug|Any CPU.ActiveCfg = Debug|Any CPU
		{410F8D7F-386A-428F-A470-2F49ED108FE1}.Debug|Any CPU.Build.0 = Debug|Any CPU
		{410F8D7F-386A-428F-A470-2F49ED108FE1}.Debug|x64.ActiveCfg = Debug|Any CPU
		{410F8D7F-386A-428F-A470-2F49ED108FE1}.Debug|x64.Build.0 = Debug|Any CPU
		{410F8D7F-386A-428F-A470-2F49ED108FE1}.Debug|x86.ActiveCfg = Debug|Any CPU
		{410F8D7F-386A-428F-A470-2F49ED108FE1}.Debug|x86.Build.0 = Debug|Any CPU
		{410F8D7F-386A-428F-A470-2F49ED108FE1}.Release|Any CPU.ActiveCfg = Release|Any CPU
		{410F8D7F-386A-428F-A470-2F49ED108FE1}.Release|Any CPU.Build.0 = Release|Any CPU
		{410F8D7F-386A-428F-A470-2F49ED108FE1}.Release|x64.ActiveCfg = Release|Any CPU
		{410F8D7F-386A-428F-A470-2F49ED108FE1}.Release|x64.Build.0 = Release|Any CPU
		{410F8D7F-386A-428F-A470-2F49ED108FE1}.Release|x86.ActiveCfg = Release|Any CPU
		{410F8D7F-386A-428F-A470-2F49ED108FE1}.Release|x86.Build.0 = Release|Any CPU
		{17DB5793-FE16-451B-BBF2-2137D95A9E6D}.Debug|Any CPU.ActiveCfg = Debug|Any CPU
		{17DB5793-FE16-451B-BBF2-2137D95A9E6D}.Debug|Any CPU.Build.0 = Debug|Any CPU
		{17DB5793-FE16-451B-BBF2-2137D95A9E6D}.Debug|x64.ActiveCfg = Debug|Any CPU
		{17DB5793-FE16-451B-BBF2-2137D95A9E6D}.Debug|x64.Build.0 = Debug|Any CPU
		{17DB5793-FE16-451B-BBF2-2137D95A9E6D}.Debug|x86.ActiveCfg = Debug|Any CPU
		{17DB5793-FE16-451B-BBF2-2137D95A9E6D}.Debug|x86.Build.0 = Debug|Any CPU
		{17DB5793-FE16-451B-BBF2-2137D95A9E6D}.Release|Any CPU.ActiveCfg = Release|Any CPU
		{17DB5793-FE16-451B-BBF2-2137D95A9E6D}.Release|Any CPU.Build.0 = Release|Any CPU
		{17DB5793-FE16-451B-BBF2-2137D95A9E6D}.Release|x64.ActiveCfg = Release|Any CPU
		{17DB5793-FE16-451B-BBF2-2137D95A9E6D}.Release|x64.Build.0 = Release|Any CPU
		{17DB5793-FE16-451B-BBF2-2137D95A9E6D}.Release|x86.ActiveCfg = Release|Any CPU
		{17DB5793-FE16-451B-BBF2-2137D95A9E6D}.Release|x86.Build.0 = Release|Any CPU
		{A846751E-8E9F-4C6B-9FA8-9FE820511AA8}.Debug|Any CPU.ActiveCfg = Debug|Any CPU
		{A846751E-8E9F-4C6B-9FA8-9FE820511AA8}.Debug|Any CPU.Build.0 = Debug|Any CPU
		{A846751E-8E9F-4C6B-9FA8-9FE820511AA8}.Debug|x64.ActiveCfg = Debug|Any CPU
		{A846751E-8E9F-4C6B-9FA8-9FE820511AA8}.Debug|x64.Build.0 = Debug|Any CPU
		{A846751E-8E9F-4C6B-9FA8-9FE820511AA8}.Debug|x86.ActiveCfg = Debug|Any CPU
		{A846751E-8E9F-4C6B-9FA8-9FE820511AA8}.Debug|x86.Build.0 = Debug|Any CPU
		{A846751E-8E9F-4C6B-9FA8-9FE820511AA8}.Release|Any CPU.ActiveCfg = Release|Any CPU
		{A846751E-8E9F-4C6B-9FA8-9FE820511AA8}.Release|Any CPU.Build.0 = Release|Any CPU
		{A846751E-8E9F-4C6B-9FA8-9FE820511AA8}.Release|x64.ActiveCfg = Release|Any CPU
		{A846751E-8E9F-4C6B-9FA8-9FE820511AA8}.Release|x64.Build.0 = Release|Any CPU
		{A846751E-8E9F-4C6B-9FA8-9FE820511AA8}.Release|x86.ActiveCfg = Release|Any CPU
		{A846751E-8E9F-4C6B-9FA8-9FE820511AA8}.Release|x86.Build.0 = Release|Any CPU
		{7F22ACA3-A871-47DD-ACFA-DC9E7D07230B}.Debug|Any CPU.ActiveCfg = Debug|Any CPU
		{7F22ACA3-A871-47DD-ACFA-DC9E7D07230B}.Debug|Any CPU.Build.0 = Debug|Any CPU
		{7F22ACA3-A871-47DD-ACFA-DC9E7D07230B}.Debug|x64.ActiveCfg = Debug|Any CPU
		{7F22ACA3-A871-47DD-ACFA-DC9E7D07230B}.Debug|x64.Build.0 = Debug|Any CPU
		{7F22ACA3-A871-47DD-ACFA-DC9E7D07230B}.Debug|x86.ActiveCfg = Debug|Any CPU
		{7F22ACA3-A871-47DD-ACFA-DC9E7D07230B}.Debug|x86.Build.0 = Debug|Any CPU
		{7F22ACA3-A871-47DD-ACFA-DC9E7D07230B}.Release|Any CPU.ActiveCfg = Release|Any CPU
		{7F22ACA3-A871-47DD-ACFA-DC9E7D07230B}.Release|Any CPU.Build.0 = Release|Any CPU
		{7F22ACA3-A871-47DD-ACFA-DC9E7D07230B}.Release|x64.ActiveCfg = Release|Any CPU
		{7F22ACA3-A871-47DD-ACFA-DC9E7D07230B}.Release|x64.Build.0 = Release|Any CPU
		{7F22ACA3-A871-47DD-ACFA-DC9E7D07230B}.Release|x86.ActiveCfg = Release|Any CPU
		{7F22ACA3-A871-47DD-ACFA-DC9E7D07230B}.Release|x86.Build.0 = Release|Any CPU
		{FD7FBBAE-34AB-4645-ABE7-998722C91CE0}.Debug|Any CPU.ActiveCfg = Debug|Any CPU
		{FD7FBBAE-34AB-4645-ABE7-998722C91CE0}.Debug|Any CPU.Build.0 = Debug|Any CPU
		{FD7FBBAE-34AB-4645-ABE7-998722C91CE0}.Debug|x64.ActiveCfg = Debug|Any CPU
		{FD7FBBAE-34AB-4645-ABE7-998722C91CE0}.Debug|x64.Build.0 = Debug|Any CPU
		{FD7FBBAE-34AB-4645-ABE7-998722C91CE0}.Debug|x86.ActiveCfg = Debug|Any CPU
		{FD7FBBAE-34AB-4645-ABE7-998722C91CE0}.Debug|x86.Build.0 = Debug|Any CPU
		{FD7FBBAE-34AB-4645-ABE7-998722C91CE0}.Release|Any CPU.ActiveCfg = Release|Any CPU
		{FD7FBBAE-34AB-4645-ABE7-998722C91CE0}.Release|Any CPU.Build.0 = Release|Any CPU
		{FD7FBBAE-34AB-4645-ABE7-998722C91CE0}.Release|x64.ActiveCfg = Release|Any CPU
		{FD7FBBAE-34AB-4645-ABE7-998722C91CE0}.Release|x64.Build.0 = Release|Any CPU
		{FD7FBBAE-34AB-4645-ABE7-998722C91CE0}.Release|x86.ActiveCfg = Release|Any CPU
		{FD7FBBAE-34AB-4645-ABE7-998722C91CE0}.Release|x86.Build.0 = Release|Any CPU
		{AF16C81E-ABEF-45F4-AEA4-6CB62CE63EE1}.Debug|Any CPU.ActiveCfg = Debug|Any CPU
		{AF16C81E-ABEF-45F4-AEA4-6CB62CE63EE1}.Debug|Any CPU.Build.0 = Debug|Any CPU
		{AF16C81E-ABEF-45F4-AEA4-6CB62CE63EE1}.Debug|x64.ActiveCfg = Debug|Any CPU
		{AF16C81E-ABEF-45F4-AEA4-6CB62CE63EE1}.Debug|x64.Build.0 = Debug|Any CPU
		{AF16C81E-ABEF-45F4-AEA4-6CB62CE63EE1}.Debug|x86.ActiveCfg = Debug|Any CPU
		{AF16C81E-ABEF-45F4-AEA4-6CB62CE63EE1}.Debug|x86.Build.0 = Debug|Any CPU
		{AF16C81E-ABEF-45F4-AEA4-6CB62CE63EE1}.Release|Any CPU.ActiveCfg = Release|Any CPU
		{AF16C81E-ABEF-45F4-AEA4-6CB62CE63EE1}.Release|Any CPU.Build.0 = Release|Any CPU
		{AF16C81E-ABEF-45F4-AEA4-6CB62CE63EE1}.Release|x64.ActiveCfg = Release|Any CPU
		{AF16C81E-ABEF-45F4-AEA4-6CB62CE63EE1}.Release|x64.Build.0 = Release|Any CPU
		{AF16C81E-ABEF-45F4-AEA4-6CB62CE63EE1}.Release|x86.ActiveCfg = Release|Any CPU
		{AF16C81E-ABEF-45F4-AEA4-6CB62CE63EE1}.Release|x86.Build.0 = Release|Any CPU
		{5FE39C0C-62A8-4F36-A01F-0BB0EC12DD32}.Debug|Any CPU.ActiveCfg = Debug|Any CPU
		{5FE39C0C-62A8-4F36-A01F-0BB0EC12DD32}.Debug|Any CPU.Build.0 = Debug|Any CPU
		{5FE39C0C-62A8-4F36-A01F-0BB0EC12DD32}.Debug|x64.ActiveCfg = Debug|Any CPU
		{5FE39C0C-62A8-4F36-A01F-0BB0EC12DD32}.Debug|x64.Build.0 = Debug|Any CPU
		{5FE39C0C-62A8-4F36-A01F-0BB0EC12DD32}.Debug|x86.ActiveCfg = Debug|Any CPU
		{5FE39C0C-62A8-4F36-A01F-0BB0EC12DD32}.Debug|x86.Build.0 = Debug|Any CPU
		{5FE39C0C-62A8-4F36-A01F-0BB0EC12DD32}.Release|Any CPU.ActiveCfg = Release|Any CPU
		{5FE39C0C-62A8-4F36-A01F-0BB0EC12DD32}.Release|Any CPU.Build.0 = Release|Any CPU
		{5FE39C0C-62A8-4F36-A01F-0BB0EC12DD32}.Release|x64.ActiveCfg = Release|Any CPU
		{5FE39C0C-62A8-4F36-A01F-0BB0EC12DD32}.Release|x64.Build.0 = Release|Any CPU
		{5FE39C0C-62A8-4F36-A01F-0BB0EC12DD32}.Release|x86.ActiveCfg = Release|Any CPU
		{5FE39C0C-62A8-4F36-A01F-0BB0EC12DD32}.Release|x86.Build.0 = Release|Any CPU
		{42CB22AE-FB0A-4D17-9A77-ED5668753DD8}.Debug|Any CPU.ActiveCfg = Debug|Any CPU
		{42CB22AE-FB0A-4D17-9A77-ED5668753DD8}.Debug|Any CPU.Build.0 = Debug|Any CPU
		{42CB22AE-FB0A-4D17-9A77-ED5668753DD8}.Debug|x64.ActiveCfg = Debug|Any CPU
		{42CB22AE-FB0A-4D17-9A77-ED5668753DD8}.Debug|x64.Build.0 = Debug|Any CPU
		{42CB22AE-FB0A-4D17-9A77-ED5668753DD8}.Debug|x86.ActiveCfg = Debug|Any CPU
		{42CB22AE-FB0A-4D17-9A77-ED5668753DD8}.Debug|x86.Build.0 = Debug|Any CPU
		{42CB22AE-FB0A-4D17-9A77-ED5668753DD8}.Release|Any CPU.ActiveCfg = Release|Any CPU
		{42CB22AE-FB0A-4D17-9A77-ED5668753DD8}.Release|Any CPU.Build.0 = Release|Any CPU
		{42CB22AE-FB0A-4D17-9A77-ED5668753DD8}.Release|x64.ActiveCfg = Release|Any CPU
		{42CB22AE-FB0A-4D17-9A77-ED5668753DD8}.Release|x64.Build.0 = Release|Any CPU
		{42CB22AE-FB0A-4D17-9A77-ED5668753DD8}.Release|x86.ActiveCfg = Release|Any CPU
		{42CB22AE-FB0A-4D17-9A77-ED5668753DD8}.Release|x86.Build.0 = Release|Any CPU
		{72C2FAC6-BE23-48D9-8F4D-E7AC2DF625F2}.Debug|Any CPU.ActiveCfg = Debug|Any CPU
		{72C2FAC6-BE23-48D9-8F4D-E7AC2DF625F2}.Debug|Any CPU.Build.0 = Debug|Any CPU
		{72C2FAC6-BE23-48D9-8F4D-E7AC2DF625F2}.Debug|x64.ActiveCfg = Debug|Any CPU
		{72C2FAC6-BE23-48D9-8F4D-E7AC2DF625F2}.Debug|x64.Build.0 = Debug|Any CPU
		{72C2FAC6-BE23-48D9-8F4D-E7AC2DF625F2}.Debug|x86.ActiveCfg = Debug|Any CPU
		{72C2FAC6-BE23-48D9-8F4D-E7AC2DF625F2}.Debug|x86.Build.0 = Debug|Any CPU
		{72C2FAC6-BE23-48D9-8F4D-E7AC2DF625F2}.Release|Any CPU.ActiveCfg = Release|Any CPU
		{72C2FAC6-BE23-48D9-8F4D-E7AC2DF625F2}.Release|Any CPU.Build.0 = Release|Any CPU
		{72C2FAC6-BE23-48D9-8F4D-E7AC2DF625F2}.Release|x64.ActiveCfg = Release|Any CPU
		{72C2FAC6-BE23-48D9-8F4D-E7AC2DF625F2}.Release|x64.Build.0 = Release|Any CPU
		{72C2FAC6-BE23-48D9-8F4D-E7AC2DF625F2}.Release|x86.ActiveCfg = Release|Any CPU
		{72C2FAC6-BE23-48D9-8F4D-E7AC2DF625F2}.Release|x86.Build.0 = Release|Any CPU
		{FE269050-711E-4A05-BE30-76843F680774}.Debug|Any CPU.ActiveCfg = Debug|Any CPU
		{FE269050-711E-4A05-BE30-76843F680774}.Debug|Any CPU.Build.0 = Debug|Any CPU
		{FE269050-711E-4A05-BE30-76843F680774}.Debug|x64.ActiveCfg = Debug|Any CPU
		{FE269050-711E-4A05-BE30-76843F680774}.Debug|x64.Build.0 = Debug|Any CPU
		{FE269050-711E-4A05-BE30-76843F680774}.Debug|x86.ActiveCfg = Debug|Any CPU
		{FE269050-711E-4A05-BE30-76843F680774}.Debug|x86.Build.0 = Debug|Any CPU
		{FE269050-711E-4A05-BE30-76843F680774}.Release|Any CPU.ActiveCfg = Release|Any CPU
		{FE269050-711E-4A05-BE30-76843F680774}.Release|Any CPU.Build.0 = Release|Any CPU
		{FE269050-711E-4A05-BE30-76843F680774}.Release|x64.ActiveCfg = Release|Any CPU
		{FE269050-711E-4A05-BE30-76843F680774}.Release|x64.Build.0 = Release|Any CPU
		{FE269050-711E-4A05-BE30-76843F680774}.Release|x86.ActiveCfg = Release|Any CPU
		{FE269050-711E-4A05-BE30-76843F680774}.Release|x86.Build.0 = Release|Any CPU
		{AF04B283-5ECF-447C-8934-3215E9A9F07D}.Debug|Any CPU.ActiveCfg = Debug|Any CPU
		{AF04B283-5ECF-447C-8934-3215E9A9F07D}.Debug|Any CPU.Build.0 = Debug|Any CPU
		{AF04B283-5ECF-447C-8934-3215E9A9F07D}.Debug|x64.ActiveCfg = Debug|Any CPU
		{AF04B283-5ECF-447C-8934-3215E9A9F07D}.Debug|x64.Build.0 = Debug|Any CPU
		{AF04B283-5ECF-447C-8934-3215E9A9F07D}.Debug|x86.ActiveCfg = Debug|Any CPU
		{AF04B283-5ECF-447C-8934-3215E9A9F07D}.Debug|x86.Build.0 = Debug|Any CPU
		{AF04B283-5ECF-447C-8934-3215E9A9F07D}.Release|Any CPU.ActiveCfg = Release|Any CPU
		{AF04B283-5ECF-447C-8934-3215E9A9F07D}.Release|Any CPU.Build.0 = Release|Any CPU
		{AF04B283-5ECF-447C-8934-3215E9A9F07D}.Release|x64.ActiveCfg = Release|Any CPU
		{AF04B283-5ECF-447C-8934-3215E9A9F07D}.Release|x64.Build.0 = Release|Any CPU
		{AF04B283-5ECF-447C-8934-3215E9A9F07D}.Release|x86.ActiveCfg = Release|Any CPU
		{AF04B283-5ECF-447C-8934-3215E9A9F07D}.Release|x86.Build.0 = Release|Any CPU
		{EF611FFB-4829-48CF-83F5-3F3F3A883A44}.Debug|Any CPU.ActiveCfg = Debug|Any CPU
		{EF611FFB-4829-48CF-83F5-3F3F3A883A44}.Debug|Any CPU.Build.0 = Debug|Any CPU
		{EF611FFB-4829-48CF-83F5-3F3F3A883A44}.Debug|x64.ActiveCfg = Debug|Any CPU
		{EF611FFB-4829-48CF-83F5-3F3F3A883A44}.Debug|x64.Build.0 = Debug|Any CPU
		{EF611FFB-4829-48CF-83F5-3F3F3A883A44}.Debug|x86.ActiveCfg = Debug|Any CPU
		{EF611FFB-4829-48CF-83F5-3F3F3A883A44}.Debug|x86.Build.0 = Debug|Any CPU
		{EF611FFB-4829-48CF-83F5-3F3F3A883A44}.Release|Any CPU.ActiveCfg = Release|Any CPU
		{EF611FFB-4829-48CF-83F5-3F3F3A883A44}.Release|Any CPU.Build.0 = Release|Any CPU
		{EF611FFB-4829-48CF-83F5-3F3F3A883A44}.Release|x64.ActiveCfg = Release|Any CPU
		{EF611FFB-4829-48CF-83F5-3F3F3A883A44}.Release|x64.Build.0 = Release|Any CPU
		{EF611FFB-4829-48CF-83F5-3F3F3A883A44}.Release|x86.ActiveCfg = Release|Any CPU
		{EF611FFB-4829-48CF-83F5-3F3F3A883A44}.Release|x86.Build.0 = Release|Any CPU
		{1C4F2B32-0ECA-4F4A-A17E-4FEC5DA1C5EC}.Debug|Any CPU.ActiveCfg = Debug|Any CPU
		{1C4F2B32-0ECA-4F4A-A17E-4FEC5DA1C5EC}.Debug|Any CPU.Build.0 = Debug|Any CPU
		{1C4F2B32-0ECA-4F4A-A17E-4FEC5DA1C5EC}.Debug|x64.ActiveCfg = Debug|Any CPU
		{1C4F2B32-0ECA-4F4A-A17E-4FEC5DA1C5EC}.Debug|x64.Build.0 = Debug|Any CPU
		{1C4F2B32-0ECA-4F4A-A17E-4FEC5DA1C5EC}.Debug|x86.ActiveCfg = Debug|Any CPU
		{1C4F2B32-0ECA-4F4A-A17E-4FEC5DA1C5EC}.Debug|x86.Build.0 = Debug|Any CPU
		{1C4F2B32-0ECA-4F4A-A17E-4FEC5DA1C5EC}.Release|Any CPU.ActiveCfg = Release|Any CPU
		{1C4F2B32-0ECA-4F4A-A17E-4FEC5DA1C5EC}.Release|Any CPU.Build.0 = Release|Any CPU
		{1C4F2B32-0ECA-4F4A-A17E-4FEC5DA1C5EC}.Release|x64.ActiveCfg = Release|Any CPU
		{1C4F2B32-0ECA-4F4A-A17E-4FEC5DA1C5EC}.Release|x64.Build.0 = Release|Any CPU
		{1C4F2B32-0ECA-4F4A-A17E-4FEC5DA1C5EC}.Release|x86.ActiveCfg = Release|Any CPU
		{1C4F2B32-0ECA-4F4A-A17E-4FEC5DA1C5EC}.Release|x86.Build.0 = Release|Any CPU
		{FEE66715-D421-4909-9364-D4A9848A2CD2}.Debug|Any CPU.ActiveCfg = Debug|Any CPU
		{FEE66715-D421-4909-9364-D4A9848A2CD2}.Debug|Any CPU.Build.0 = Debug|Any CPU
		{FEE66715-D421-4909-9364-D4A9848A2CD2}.Debug|x64.ActiveCfg = Debug|Any CPU
		{FEE66715-D421-4909-9364-D4A9848A2CD2}.Debug|x64.Build.0 = Debug|Any CPU
		{FEE66715-D421-4909-9364-D4A9848A2CD2}.Debug|x86.ActiveCfg = Debug|Any CPU
		{FEE66715-D421-4909-9364-D4A9848A2CD2}.Debug|x86.Build.0 = Debug|Any CPU
		{FEE66715-D421-4909-9364-D4A9848A2CD2}.Release|Any CPU.ActiveCfg = Release|Any CPU
		{FEE66715-D421-4909-9364-D4A9848A2CD2}.Release|Any CPU.Build.0 = Release|Any CPU
		{FEE66715-D421-4909-9364-D4A9848A2CD2}.Release|x64.ActiveCfg = Release|Any CPU
		{FEE66715-D421-4909-9364-D4A9848A2CD2}.Release|x64.Build.0 = Release|Any CPU
		{FEE66715-D421-4909-9364-D4A9848A2CD2}.Release|x86.ActiveCfg = Release|Any CPU
		{FEE66715-D421-4909-9364-D4A9848A2CD2}.Release|x86.Build.0 = Release|Any CPU
		{A21C7DB6-85A3-41CD-A76B-2C128AFA212D}.Debug|Any CPU.ActiveCfg = Debug|Any CPU
		{A21C7DB6-85A3-41CD-A76B-2C128AFA212D}.Debug|Any CPU.Build.0 = Debug|Any CPU
		{A21C7DB6-85A3-41CD-A76B-2C128AFA212D}.Debug|x64.ActiveCfg = Debug|Any CPU
		{A21C7DB6-85A3-41CD-A76B-2C128AFA212D}.Debug|x64.Build.0 = Debug|Any CPU
		{A21C7DB6-85A3-41CD-A76B-2C128AFA212D}.Debug|x86.ActiveCfg = Debug|Any CPU
		{A21C7DB6-85A3-41CD-A76B-2C128AFA212D}.Debug|x86.Build.0 = Debug|Any CPU
		{A21C7DB6-85A3-41CD-A76B-2C128AFA212D}.Release|Any CPU.ActiveCfg = Release|Any CPU
		{A21C7DB6-85A3-41CD-A76B-2C128AFA212D}.Release|Any CPU.Build.0 = Release|Any CPU
		{A21C7DB6-85A3-41CD-A76B-2C128AFA212D}.Release|x64.ActiveCfg = Release|Any CPU
		{A21C7DB6-85A3-41CD-A76B-2C128AFA212D}.Release|x64.Build.0 = Release|Any CPU
		{A21C7DB6-85A3-41CD-A76B-2C128AFA212D}.Release|x86.ActiveCfg = Release|Any CPU
		{A21C7DB6-85A3-41CD-A76B-2C128AFA212D}.Release|x86.Build.0 = Release|Any CPU
		{DB9D651E-1AE8-422F-8A99-21FED3350B18}.Debug|Any CPU.ActiveCfg = Debug|Any CPU
		{DB9D651E-1AE8-422F-8A99-21FED3350B18}.Debug|Any CPU.Build.0 = Debug|Any CPU
		{DB9D651E-1AE8-422F-8A99-21FED3350B18}.Debug|x64.ActiveCfg = Debug|Any CPU
		{DB9D651E-1AE8-422F-8A99-21FED3350B18}.Debug|x64.Build.0 = Debug|Any CPU
		{DB9D651E-1AE8-422F-8A99-21FED3350B18}.Debug|x86.ActiveCfg = Debug|Any CPU
		{DB9D651E-1AE8-422F-8A99-21FED3350B18}.Debug|x86.Build.0 = Debug|Any CPU
		{DB9D651E-1AE8-422F-8A99-21FED3350B18}.Release|Any CPU.ActiveCfg = Release|Any CPU
		{DB9D651E-1AE8-422F-8A99-21FED3350B18}.Release|Any CPU.Build.0 = Release|Any CPU
		{DB9D651E-1AE8-422F-8A99-21FED3350B18}.Release|x64.ActiveCfg = Release|Any CPU
		{DB9D651E-1AE8-422F-8A99-21FED3350B18}.Release|x64.Build.0 = Release|Any CPU
		{DB9D651E-1AE8-422F-8A99-21FED3350B18}.Release|x86.ActiveCfg = Release|Any CPU
		{DB9D651E-1AE8-422F-8A99-21FED3350B18}.Release|x86.Build.0 = Release|Any CPU
		{9CA1E2DE-3554-4D11-8DFD-63139D038C32}.Debug|Any CPU.ActiveCfg = Debug|Any CPU
		{9CA1E2DE-3554-4D11-8DFD-63139D038C32}.Debug|Any CPU.Build.0 = Debug|Any CPU
		{9CA1E2DE-3554-4D11-8DFD-63139D038C32}.Debug|x64.ActiveCfg = Debug|Any CPU
		{9CA1E2DE-3554-4D11-8DFD-63139D038C32}.Debug|x64.Build.0 = Debug|Any CPU
		{9CA1E2DE-3554-4D11-8DFD-63139D038C32}.Debug|x86.ActiveCfg = Debug|Any CPU
		{9CA1E2DE-3554-4D11-8DFD-63139D038C32}.Debug|x86.Build.0 = Debug|Any CPU
		{9CA1E2DE-3554-4D11-8DFD-63139D038C32}.Release|Any CPU.ActiveCfg = Release|Any CPU
		{9CA1E2DE-3554-4D11-8DFD-63139D038C32}.Release|Any CPU.Build.0 = Release|Any CPU
		{9CA1E2DE-3554-4D11-8DFD-63139D038C32}.Release|x64.ActiveCfg = Release|Any CPU
		{9CA1E2DE-3554-4D11-8DFD-63139D038C32}.Release|x64.Build.0 = Release|Any CPU
		{9CA1E2DE-3554-4D11-8DFD-63139D038C32}.Release|x86.ActiveCfg = Release|Any CPU
		{9CA1E2DE-3554-4D11-8DFD-63139D038C32}.Release|x86.Build.0 = Release|Any CPU
		{EC10B69D-1B85-4C7B-840A-80C532235C3B}.Debug|Any CPU.ActiveCfg = Debug|Any CPU
		{EC10B69D-1B85-4C7B-840A-80C532235C3B}.Debug|Any CPU.Build.0 = Debug|Any CPU
		{EC10B69D-1B85-4C7B-840A-80C532235C3B}.Debug|x64.ActiveCfg = Debug|Any CPU
		{EC10B69D-1B85-4C7B-840A-80C532235C3B}.Debug|x64.Build.0 = Debug|Any CPU
		{EC10B69D-1B85-4C7B-840A-80C532235C3B}.Debug|x86.ActiveCfg = Debug|Any CPU
		{EC10B69D-1B85-4C7B-840A-80C532235C3B}.Debug|x86.Build.0 = Debug|Any CPU
		{EC10B69D-1B85-4C7B-840A-80C532235C3B}.Release|Any CPU.ActiveCfg = Release|Any CPU
		{EC10B69D-1B85-4C7B-840A-80C532235C3B}.Release|Any CPU.Build.0 = Release|Any CPU
		{EC10B69D-1B85-4C7B-840A-80C532235C3B}.Release|x64.ActiveCfg = Release|Any CPU
		{EC10B69D-1B85-4C7B-840A-80C532235C3B}.Release|x64.Build.0 = Release|Any CPU
		{EC10B69D-1B85-4C7B-840A-80C532235C3B}.Release|x86.ActiveCfg = Release|Any CPU
		{EC10B69D-1B85-4C7B-840A-80C532235C3B}.Release|x86.Build.0 = Release|Any CPU
		{9490FEFA-C840-4310-95B0-213336053AD6}.Debug|Any CPU.ActiveCfg = Debug|Any CPU
		{9490FEFA-C840-4310-95B0-213336053AD6}.Debug|Any CPU.Build.0 = Debug|Any CPU
		{9490FEFA-C840-4310-95B0-213336053AD6}.Debug|x64.ActiveCfg = Debug|Any CPU
		{9490FEFA-C840-4310-95B0-213336053AD6}.Debug|x64.Build.0 = Debug|Any CPU
		{9490FEFA-C840-4310-95B0-213336053AD6}.Debug|x86.ActiveCfg = Debug|Any CPU
		{9490FEFA-C840-4310-95B0-213336053AD6}.Debug|x86.Build.0 = Debug|Any CPU
		{9490FEFA-C840-4310-95B0-213336053AD6}.Release|Any CPU.ActiveCfg = Release|Any CPU
		{9490FEFA-C840-4310-95B0-213336053AD6}.Release|Any CPU.Build.0 = Release|Any CPU
		{9490FEFA-C840-4310-95B0-213336053AD6}.Release|x64.ActiveCfg = Release|Any CPU
		{9490FEFA-C840-4310-95B0-213336053AD6}.Release|x64.Build.0 = Release|Any CPU
		{9490FEFA-C840-4310-95B0-213336053AD6}.Release|x86.ActiveCfg = Release|Any CPU
		{9490FEFA-C840-4310-95B0-213336053AD6}.Release|x86.Build.0 = Release|Any CPU
		{1C0A0817-B21E-4BDF-94FB-CE387F86A038}.Debug|Any CPU.ActiveCfg = Debug|Any CPU
		{1C0A0817-B21E-4BDF-94FB-CE387F86A038}.Debug|Any CPU.Build.0 = Debug|Any CPU
		{1C0A0817-B21E-4BDF-94FB-CE387F86A038}.Debug|x64.ActiveCfg = Debug|Any CPU
		{1C0A0817-B21E-4BDF-94FB-CE387F86A038}.Debug|x64.Build.0 = Debug|Any CPU
		{1C0A0817-B21E-4BDF-94FB-CE387F86A038}.Debug|x86.ActiveCfg = Debug|Any CPU
		{1C0A0817-B21E-4BDF-94FB-CE387F86A038}.Debug|x86.Build.0 = Debug|Any CPU
		{1C0A0817-B21E-4BDF-94FB-CE387F86A038}.Release|Any CPU.ActiveCfg = Release|Any CPU
		{1C0A0817-B21E-4BDF-94FB-CE387F86A038}.Release|Any CPU.Build.0 = Release|Any CPU
		{1C0A0817-B21E-4BDF-94FB-CE387F86A038}.Release|x64.ActiveCfg = Release|Any CPU
		{1C0A0817-B21E-4BDF-94FB-CE387F86A038}.Release|x64.Build.0 = Release|Any CPU
		{1C0A0817-B21E-4BDF-94FB-CE387F86A038}.Release|x86.ActiveCfg = Release|Any CPU
		{1C0A0817-B21E-4BDF-94FB-CE387F86A038}.Release|x86.Build.0 = Release|Any CPU
		{8826C242-9FC0-4D10-91A6-D87F87B97261}.Debug|Any CPU.ActiveCfg = Debug|Any CPU
		{8826C242-9FC0-4D10-91A6-D87F87B97261}.Debug|Any CPU.Build.0 = Debug|Any CPU
		{8826C242-9FC0-4D10-91A6-D87F87B97261}.Debug|x64.ActiveCfg = Debug|Any CPU
		{8826C242-9FC0-4D10-91A6-D87F87B97261}.Debug|x64.Build.0 = Debug|Any CPU
		{8826C242-9FC0-4D10-91A6-D87F87B97261}.Debug|x86.ActiveCfg = Debug|Any CPU
		{8826C242-9FC0-4D10-91A6-D87F87B97261}.Debug|x86.Build.0 = Debug|Any CPU
		{8826C242-9FC0-4D10-91A6-D87F87B97261}.Release|Any CPU.ActiveCfg = Release|Any CPU
		{8826C242-9FC0-4D10-91A6-D87F87B97261}.Release|Any CPU.Build.0 = Release|Any CPU
		{8826C242-9FC0-4D10-91A6-D87F87B97261}.Release|x64.ActiveCfg = Release|Any CPU
		{8826C242-9FC0-4D10-91A6-D87F87B97261}.Release|x64.Build.0 = Release|Any CPU
		{8826C242-9FC0-4D10-91A6-D87F87B97261}.Release|x86.ActiveCfg = Release|Any CPU
		{8826C242-9FC0-4D10-91A6-D87F87B97261}.Release|x86.Build.0 = Release|Any CPU
		{F76791DD-F1BF-43EF-A68D-17F2A33CB0D4}.Debug|Any CPU.ActiveCfg = Debug|Any CPU
		{F76791DD-F1BF-43EF-A68D-17F2A33CB0D4}.Debug|Any CPU.Build.0 = Debug|Any CPU
		{F76791DD-F1BF-43EF-A68D-17F2A33CB0D4}.Debug|x64.ActiveCfg = Debug|Any CPU
		{F76791DD-F1BF-43EF-A68D-17F2A33CB0D4}.Debug|x64.Build.0 = Debug|Any CPU
		{F76791DD-F1BF-43EF-A68D-17F2A33CB0D4}.Debug|x86.ActiveCfg = Debug|Any CPU
		{F76791DD-F1BF-43EF-A68D-17F2A33CB0D4}.Debug|x86.Build.0 = Debug|Any CPU
		{F76791DD-F1BF-43EF-A68D-17F2A33CB0D4}.Release|Any CPU.ActiveCfg = Release|Any CPU
		{F76791DD-F1BF-43EF-A68D-17F2A33CB0D4}.Release|Any CPU.Build.0 = Release|Any CPU
		{F76791DD-F1BF-43EF-A68D-17F2A33CB0D4}.Release|x64.ActiveCfg = Release|Any CPU
		{F76791DD-F1BF-43EF-A68D-17F2A33CB0D4}.Release|x64.Build.0 = Release|Any CPU
		{F76791DD-F1BF-43EF-A68D-17F2A33CB0D4}.Release|x86.ActiveCfg = Release|Any CPU
		{F76791DD-F1BF-43EF-A68D-17F2A33CB0D4}.Release|x86.Build.0 = Release|Any CPU
		{1904EA3A-B73D-48B3-8E09-AE498667CA35}.Debug|Any CPU.ActiveCfg = Debug|Any CPU
		{1904EA3A-B73D-48B3-8E09-AE498667CA35}.Debug|Any CPU.Build.0 = Debug|Any CPU
		{1904EA3A-B73D-48B3-8E09-AE498667CA35}.Debug|x64.ActiveCfg = Debug|Any CPU
		{1904EA3A-B73D-48B3-8E09-AE498667CA35}.Debug|x64.Build.0 = Debug|Any CPU
		{1904EA3A-B73D-48B3-8E09-AE498667CA35}.Debug|x86.ActiveCfg = Debug|Any CPU
		{1904EA3A-B73D-48B3-8E09-AE498667CA35}.Debug|x86.Build.0 = Debug|Any CPU
		{1904EA3A-B73D-48B3-8E09-AE498667CA35}.Release|Any CPU.ActiveCfg = Release|Any CPU
		{1904EA3A-B73D-48B3-8E09-AE498667CA35}.Release|Any CPU.Build.0 = Release|Any CPU
		{1904EA3A-B73D-48B3-8E09-AE498667CA35}.Release|x64.ActiveCfg = Release|Any CPU
		{1904EA3A-B73D-48B3-8E09-AE498667CA35}.Release|x64.Build.0 = Release|Any CPU
		{1904EA3A-B73D-48B3-8E09-AE498667CA35}.Release|x86.ActiveCfg = Release|Any CPU
		{1904EA3A-B73D-48B3-8E09-AE498667CA35}.Release|x86.Build.0 = Release|Any CPU
		{4D051CCD-6726-4243-AEEE-42E147FB4D09}.Debug|Any CPU.ActiveCfg = Debug|Any CPU
		{4D051CCD-6726-4243-AEEE-42E147FB4D09}.Debug|Any CPU.Build.0 = Debug|Any CPU
		{4D051CCD-6726-4243-AEEE-42E147FB4D09}.Debug|x64.ActiveCfg = Debug|Any CPU
		{4D051CCD-6726-4243-AEEE-42E147FB4D09}.Debug|x64.Build.0 = Debug|Any CPU
		{4D051CCD-6726-4243-AEEE-42E147FB4D09}.Debug|x86.ActiveCfg = Debug|Any CPU
		{4D051CCD-6726-4243-AEEE-42E147FB4D09}.Debug|x86.Build.0 = Debug|Any CPU
		{4D051CCD-6726-4243-AEEE-42E147FB4D09}.Release|Any CPU.ActiveCfg = Release|Any CPU
		{4D051CCD-6726-4243-AEEE-42E147FB4D09}.Release|Any CPU.Build.0 = Release|Any CPU
		{4D051CCD-6726-4243-AEEE-42E147FB4D09}.Release|x64.ActiveCfg = Release|Any CPU
		{4D051CCD-6726-4243-AEEE-42E147FB4D09}.Release|x64.Build.0 = Release|Any CPU
		{4D051CCD-6726-4243-AEEE-42E147FB4D09}.Release|x86.ActiveCfg = Release|Any CPU
		{4D051CCD-6726-4243-AEEE-42E147FB4D09}.Release|x86.Build.0 = Release|Any CPU
		{50E64B00-B856-478B-9528-4C9DAD3AA7B2}.Debug|Any CPU.ActiveCfg = Debug|Any CPU
		{50E64B00-B856-478B-9528-4C9DAD3AA7B2}.Debug|Any CPU.Build.0 = Debug|Any CPU
		{50E64B00-B856-478B-9528-4C9DAD3AA7B2}.Debug|x64.ActiveCfg = Debug|Any CPU
		{50E64B00-B856-478B-9528-4C9DAD3AA7B2}.Debug|x64.Build.0 = Debug|Any CPU
		{50E64B00-B856-478B-9528-4C9DAD3AA7B2}.Debug|x86.ActiveCfg = Debug|Any CPU
		{50E64B00-B856-478B-9528-4C9DAD3AA7B2}.Debug|x86.Build.0 = Debug|Any CPU
		{50E64B00-B856-478B-9528-4C9DAD3AA7B2}.Release|Any CPU.ActiveCfg = Release|Any CPU
		{50E64B00-B856-478B-9528-4C9DAD3AA7B2}.Release|Any CPU.Build.0 = Release|Any CPU
		{50E64B00-B856-478B-9528-4C9DAD3AA7B2}.Release|x64.ActiveCfg = Release|Any CPU
		{50E64B00-B856-478B-9528-4C9DAD3AA7B2}.Release|x64.Build.0 = Release|Any CPU
		{50E64B00-B856-478B-9528-4C9DAD3AA7B2}.Release|x86.ActiveCfg = Release|Any CPU
		{50E64B00-B856-478B-9528-4C9DAD3AA7B2}.Release|x86.Build.0 = Release|Any CPU
		{62B5F369-5181-491E-8452-02A31F997D6B}.Debug|Any CPU.ActiveCfg = Debug|Any CPU
		{62B5F369-5181-491E-8452-02A31F997D6B}.Debug|Any CPU.Build.0 = Debug|Any CPU
		{62B5F369-5181-491E-8452-02A31F997D6B}.Debug|x64.ActiveCfg = Debug|Any CPU
		{62B5F369-5181-491E-8452-02A31F997D6B}.Debug|x64.Build.0 = Debug|Any CPU
		{62B5F369-5181-491E-8452-02A31F997D6B}.Debug|x86.ActiveCfg = Debug|Any CPU
		{62B5F369-5181-491E-8452-02A31F997D6B}.Debug|x86.Build.0 = Debug|Any CPU
		{62B5F369-5181-491E-8452-02A31F997D6B}.Release|Any CPU.ActiveCfg = Release|Any CPU
		{62B5F369-5181-491E-8452-02A31F997D6B}.Release|Any CPU.Build.0 = Release|Any CPU
		{62B5F369-5181-491E-8452-02A31F997D6B}.Release|x64.ActiveCfg = Release|Any CPU
		{62B5F369-5181-491E-8452-02A31F997D6B}.Release|x64.Build.0 = Release|Any CPU
		{62B5F369-5181-491E-8452-02A31F997D6B}.Release|x86.ActiveCfg = Release|Any CPU
		{62B5F369-5181-491E-8452-02A31F997D6B}.Release|x86.Build.0 = Release|Any CPU
		{F3910316-C995-42CA-B5E2-B9E5B0B08142}.Debug|Any CPU.ActiveCfg = Debug|Any CPU
		{F3910316-C995-42CA-B5E2-B9E5B0B08142}.Debug|Any CPU.Build.0 = Debug|Any CPU
		{F3910316-C995-42CA-B5E2-B9E5B0B08142}.Debug|x64.ActiveCfg = Debug|Any CPU
		{F3910316-C995-42CA-B5E2-B9E5B0B08142}.Debug|x64.Build.0 = Debug|Any CPU
		{F3910316-C995-42CA-B5E2-B9E5B0B08142}.Debug|x86.ActiveCfg = Debug|Any CPU
		{F3910316-C995-42CA-B5E2-B9E5B0B08142}.Debug|x86.Build.0 = Debug|Any CPU
		{F3910316-C995-42CA-B5E2-B9E5B0B08142}.Release|Any CPU.ActiveCfg = Release|Any CPU
		{F3910316-C995-42CA-B5E2-B9E5B0B08142}.Release|Any CPU.Build.0 = Release|Any CPU
		{F3910316-C995-42CA-B5E2-B9E5B0B08142}.Release|x64.ActiveCfg = Release|Any CPU
		{F3910316-C995-42CA-B5E2-B9E5B0B08142}.Release|x64.Build.0 = Release|Any CPU
		{F3910316-C995-42CA-B5E2-B9E5B0B08142}.Release|x86.ActiveCfg = Release|Any CPU
		{F3910316-C995-42CA-B5E2-B9E5B0B08142}.Release|x86.Build.0 = Release|Any CPU
		{175AA89B-172E-4AC7-ACCC-8E81D0FF6661}.Debug|Any CPU.ActiveCfg = Debug|Any CPU
		{175AA89B-172E-4AC7-ACCC-8E81D0FF6661}.Debug|Any CPU.Build.0 = Debug|Any CPU
		{175AA89B-172E-4AC7-ACCC-8E81D0FF6661}.Debug|x64.ActiveCfg = Debug|Any CPU
		{175AA89B-172E-4AC7-ACCC-8E81D0FF6661}.Debug|x64.Build.0 = Debug|Any CPU
		{175AA89B-172E-4AC7-ACCC-8E81D0FF6661}.Debug|x86.ActiveCfg = Debug|Any CPU
		{175AA89B-172E-4AC7-ACCC-8E81D0FF6661}.Debug|x86.Build.0 = Debug|Any CPU
		{175AA89B-172E-4AC7-ACCC-8E81D0FF6661}.Release|Any CPU.ActiveCfg = Release|Any CPU
		{175AA89B-172E-4AC7-ACCC-8E81D0FF6661}.Release|Any CPU.Build.0 = Release|Any CPU
		{175AA89B-172E-4AC7-ACCC-8E81D0FF6661}.Release|x64.ActiveCfg = Release|Any CPU
		{175AA89B-172E-4AC7-ACCC-8E81D0FF6661}.Release|x64.Build.0 = Release|Any CPU
		{175AA89B-172E-4AC7-ACCC-8E81D0FF6661}.Release|x86.ActiveCfg = Release|Any CPU
		{175AA89B-172E-4AC7-ACCC-8E81D0FF6661}.Release|x86.Build.0 = Release|Any CPU
		{AD2A6D66-9655-4944-ADFA-0D05B9A6295E}.Debug|Any CPU.ActiveCfg = Debug|Any CPU
		{AD2A6D66-9655-4944-ADFA-0D05B9A6295E}.Debug|Any CPU.Build.0 = Debug|Any CPU
		{AD2A6D66-9655-4944-ADFA-0D05B9A6295E}.Debug|x64.ActiveCfg = Debug|Any CPU
		{AD2A6D66-9655-4944-ADFA-0D05B9A6295E}.Debug|x64.Build.0 = Debug|Any CPU
		{AD2A6D66-9655-4944-ADFA-0D05B9A6295E}.Debug|x86.ActiveCfg = Debug|Any CPU
		{AD2A6D66-9655-4944-ADFA-0D05B9A6295E}.Debug|x86.Build.0 = Debug|Any CPU
		{AD2A6D66-9655-4944-ADFA-0D05B9A6295E}.Release|Any CPU.ActiveCfg = Release|Any CPU
		{AD2A6D66-9655-4944-ADFA-0D05B9A6295E}.Release|Any CPU.Build.0 = Release|Any CPU
		{AD2A6D66-9655-4944-ADFA-0D05B9A6295E}.Release|x64.ActiveCfg = Release|Any CPU
		{AD2A6D66-9655-4944-ADFA-0D05B9A6295E}.Release|x64.Build.0 = Release|Any CPU
		{AD2A6D66-9655-4944-ADFA-0D05B9A6295E}.Release|x86.ActiveCfg = Release|Any CPU
		{AD2A6D66-9655-4944-ADFA-0D05B9A6295E}.Release|x86.Build.0 = Release|Any CPU
		{43445F4C-E26C-4102-8625-7EB8E57CFE92}.Debug|Any CPU.ActiveCfg = Debug|Any CPU
		{43445F4C-E26C-4102-8625-7EB8E57CFE92}.Debug|Any CPU.Build.0 = Debug|Any CPU
		{43445F4C-E26C-4102-8625-7EB8E57CFE92}.Debug|x64.ActiveCfg = Debug|Any CPU
		{43445F4C-E26C-4102-8625-7EB8E57CFE92}.Debug|x64.Build.0 = Debug|Any CPU
		{43445F4C-E26C-4102-8625-7EB8E57CFE92}.Debug|x86.ActiveCfg = Debug|Any CPU
		{43445F4C-E26C-4102-8625-7EB8E57CFE92}.Debug|x86.Build.0 = Debug|Any CPU
		{43445F4C-E26C-4102-8625-7EB8E57CFE92}.Release|Any CPU.ActiveCfg = Release|Any CPU
		{43445F4C-E26C-4102-8625-7EB8E57CFE92}.Release|Any CPU.Build.0 = Release|Any CPU
		{43445F4C-E26C-4102-8625-7EB8E57CFE92}.Release|x64.ActiveCfg = Release|Any CPU
		{43445F4C-E26C-4102-8625-7EB8E57CFE92}.Release|x64.Build.0 = Release|Any CPU
		{43445F4C-E26C-4102-8625-7EB8E57CFE92}.Release|x86.ActiveCfg = Release|Any CPU
		{43445F4C-E26C-4102-8625-7EB8E57CFE92}.Release|x86.Build.0 = Release|Any CPU
		{9A7A60DF-629D-44CA-8F6D-005D87EBC809}.Debug|Any CPU.ActiveCfg = Debug|Any CPU
		{9A7A60DF-629D-44CA-8F6D-005D87EBC809}.Debug|Any CPU.Build.0 = Debug|Any CPU
		{9A7A60DF-629D-44CA-8F6D-005D87EBC809}.Debug|x64.ActiveCfg = Debug|Any CPU
		{9A7A60DF-629D-44CA-8F6D-005D87EBC809}.Debug|x64.Build.0 = Debug|Any CPU
		{9A7A60DF-629D-44CA-8F6D-005D87EBC809}.Debug|x86.ActiveCfg = Debug|Any CPU
		{9A7A60DF-629D-44CA-8F6D-005D87EBC809}.Debug|x86.Build.0 = Debug|Any CPU
		{9A7A60DF-629D-44CA-8F6D-005D87EBC809}.Release|Any CPU.ActiveCfg = Release|Any CPU
		{9A7A60DF-629D-44CA-8F6D-005D87EBC809}.Release|Any CPU.Build.0 = Release|Any CPU
		{9A7A60DF-629D-44CA-8F6D-005D87EBC809}.Release|x64.ActiveCfg = Release|Any CPU
		{9A7A60DF-629D-44CA-8F6D-005D87EBC809}.Release|x64.Build.0 = Release|Any CPU
		{9A7A60DF-629D-44CA-8F6D-005D87EBC809}.Release|x86.ActiveCfg = Release|Any CPU
		{9A7A60DF-629D-44CA-8F6D-005D87EBC809}.Release|x86.Build.0 = Release|Any CPU
		{B5516940-4F6A-44B2-8EA9-8CBDC443A092}.Debug|Any CPU.ActiveCfg = Debug|Any CPU
		{B5516940-4F6A-44B2-8EA9-8CBDC443A092}.Debug|Any CPU.Build.0 = Debug|Any CPU
		{B5516940-4F6A-44B2-8EA9-8CBDC443A092}.Debug|x64.ActiveCfg = Debug|Any CPU
		{B5516940-4F6A-44B2-8EA9-8CBDC443A092}.Debug|x64.Build.0 = Debug|Any CPU
		{B5516940-4F6A-44B2-8EA9-8CBDC443A092}.Debug|x86.ActiveCfg = Debug|Any CPU
		{B5516940-4F6A-44B2-8EA9-8CBDC443A092}.Debug|x86.Build.0 = Debug|Any CPU
		{B5516940-4F6A-44B2-8EA9-8CBDC443A092}.Release|Any CPU.ActiveCfg = Release|Any CPU
		{B5516940-4F6A-44B2-8EA9-8CBDC443A092}.Release|Any CPU.Build.0 = Release|Any CPU
		{B5516940-4F6A-44B2-8EA9-8CBDC443A092}.Release|x64.ActiveCfg = Release|Any CPU
		{B5516940-4F6A-44B2-8EA9-8CBDC443A092}.Release|x64.Build.0 = Release|Any CPU
		{B5516940-4F6A-44B2-8EA9-8CBDC443A092}.Release|x86.ActiveCfg = Release|Any CPU
		{B5516940-4F6A-44B2-8EA9-8CBDC443A092}.Release|x86.Build.0 = Release|Any CPU
		{4948853E-B3B3-46D2-A772-E890F00B6F4A}.Debug|Any CPU.ActiveCfg = Debug|Any CPU
		{4948853E-B3B3-46D2-A772-E890F00B6F4A}.Debug|Any CPU.Build.0 = Debug|Any CPU
		{4948853E-B3B3-46D2-A772-E890F00B6F4A}.Debug|x64.ActiveCfg = Debug|Any CPU
		{4948853E-B3B3-46D2-A772-E890F00B6F4A}.Debug|x64.Build.0 = Debug|Any CPU
		{4948853E-B3B3-46D2-A772-E890F00B6F4A}.Debug|x86.ActiveCfg = Debug|Any CPU
		{4948853E-B3B3-46D2-A772-E890F00B6F4A}.Debug|x86.Build.0 = Debug|Any CPU
		{4948853E-B3B3-46D2-A772-E890F00B6F4A}.Release|Any CPU.ActiveCfg = Release|Any CPU
		{4948853E-B3B3-46D2-A772-E890F00B6F4A}.Release|Any CPU.Build.0 = Release|Any CPU
		{4948853E-B3B3-46D2-A772-E890F00B6F4A}.Release|x64.ActiveCfg = Release|Any CPU
		{4948853E-B3B3-46D2-A772-E890F00B6F4A}.Release|x64.Build.0 = Release|Any CPU
		{4948853E-B3B3-46D2-A772-E890F00B6F4A}.Release|x86.ActiveCfg = Release|Any CPU
		{4948853E-B3B3-46D2-A772-E890F00B6F4A}.Release|x86.Build.0 = Release|Any CPU
		{91110D77-40BA-4F19-92FB-54FAB2536945}.Debug|Any CPU.ActiveCfg = Debug|Any CPU
		{91110D77-40BA-4F19-92FB-54FAB2536945}.Debug|Any CPU.Build.0 = Debug|Any CPU
		{91110D77-40BA-4F19-92FB-54FAB2536945}.Debug|x64.ActiveCfg = Debug|Any CPU
		{91110D77-40BA-4F19-92FB-54FAB2536945}.Debug|x64.Build.0 = Debug|Any CPU
		{91110D77-40BA-4F19-92FB-54FAB2536945}.Debug|x86.ActiveCfg = Debug|Any CPU
		{91110D77-40BA-4F19-92FB-54FAB2536945}.Debug|x86.Build.0 = Debug|Any CPU
		{91110D77-40BA-4F19-92FB-54FAB2536945}.Release|Any CPU.ActiveCfg = Release|Any CPU
		{91110D77-40BA-4F19-92FB-54FAB2536945}.Release|Any CPU.Build.0 = Release|Any CPU
		{91110D77-40BA-4F19-92FB-54FAB2536945}.Release|x64.ActiveCfg = Release|Any CPU
		{91110D77-40BA-4F19-92FB-54FAB2536945}.Release|x64.Build.0 = Release|Any CPU
		{91110D77-40BA-4F19-92FB-54FAB2536945}.Release|x86.ActiveCfg = Release|Any CPU
		{91110D77-40BA-4F19-92FB-54FAB2536945}.Release|x86.Build.0 = Release|Any CPU
		{1C982D4F-54C0-446D-9EBC-A684D7977AAF}.Debug|Any CPU.ActiveCfg = Debug|Any CPU
		{1C982D4F-54C0-446D-9EBC-A684D7977AAF}.Debug|Any CPU.Build.0 = Debug|Any CPU
		{1C982D4F-54C0-446D-9EBC-A684D7977AAF}.Debug|x64.ActiveCfg = Debug|Any CPU
		{1C982D4F-54C0-446D-9EBC-A684D7977AAF}.Debug|x64.Build.0 = Debug|Any CPU
		{1C982D4F-54C0-446D-9EBC-A684D7977AAF}.Debug|x86.ActiveCfg = Debug|Any CPU
		{1C982D4F-54C0-446D-9EBC-A684D7977AAF}.Debug|x86.Build.0 = Debug|Any CPU
		{1C982D4F-54C0-446D-9EBC-A684D7977AAF}.Release|Any CPU.ActiveCfg = Release|Any CPU
		{1C982D4F-54C0-446D-9EBC-A684D7977AAF}.Release|Any CPU.Build.0 = Release|Any CPU
		{1C982D4F-54C0-446D-9EBC-A684D7977AAF}.Release|x64.ActiveCfg = Release|Any CPU
		{1C982D4F-54C0-446D-9EBC-A684D7977AAF}.Release|x64.Build.0 = Release|Any CPU
		{1C982D4F-54C0-446D-9EBC-A684D7977AAF}.Release|x86.ActiveCfg = Release|Any CPU
		{1C982D4F-54C0-446D-9EBC-A684D7977AAF}.Release|x86.Build.0 = Release|Any CPU
		{3C634335-70AC-4B28-AF52-8C1355F512A6}.Debug|Any CPU.ActiveCfg = Debug|Any CPU
		{3C634335-70AC-4B28-AF52-8C1355F512A6}.Debug|Any CPU.Build.0 = Debug|Any CPU
		{3C634335-70AC-4B28-AF52-8C1355F512A6}.Debug|x64.ActiveCfg = Debug|Any CPU
		{3C634335-70AC-4B28-AF52-8C1355F512A6}.Debug|x64.Build.0 = Debug|Any CPU
		{3C634335-70AC-4B28-AF52-8C1355F512A6}.Debug|x86.ActiveCfg = Debug|Any CPU
		{3C634335-70AC-4B28-AF52-8C1355F512A6}.Debug|x86.Build.0 = Debug|Any CPU
		{3C634335-70AC-4B28-AF52-8C1355F512A6}.Release|Any CPU.ActiveCfg = Release|Any CPU
		{3C634335-70AC-4B28-AF52-8C1355F512A6}.Release|Any CPU.Build.0 = Release|Any CPU
		{3C634335-70AC-4B28-AF52-8C1355F512A6}.Release|x64.ActiveCfg = Release|Any CPU
		{3C634335-70AC-4B28-AF52-8C1355F512A6}.Release|x64.Build.0 = Release|Any CPU
		{3C634335-70AC-4B28-AF52-8C1355F512A6}.Release|x86.ActiveCfg = Release|Any CPU
		{3C634335-70AC-4B28-AF52-8C1355F512A6}.Release|x86.Build.0 = Release|Any CPU
		{C6A6063F-30AF-4318-B3E1-7E5F2E385377}.Debug|Any CPU.ActiveCfg = Debug|Any CPU
		{C6A6063F-30AF-4318-B3E1-7E5F2E385377}.Debug|Any CPU.Build.0 = Debug|Any CPU
		{C6A6063F-30AF-4318-B3E1-7E5F2E385377}.Debug|x64.ActiveCfg = Debug|Any CPU
		{C6A6063F-30AF-4318-B3E1-7E5F2E385377}.Debug|x64.Build.0 = Debug|Any CPU
		{C6A6063F-30AF-4318-B3E1-7E5F2E385377}.Debug|x86.ActiveCfg = Debug|Any CPU
		{C6A6063F-30AF-4318-B3E1-7E5F2E385377}.Debug|x86.Build.0 = Debug|Any CPU
		{C6A6063F-30AF-4318-B3E1-7E5F2E385377}.Release|Any CPU.ActiveCfg = Release|Any CPU
		{C6A6063F-30AF-4318-B3E1-7E5F2E385377}.Release|Any CPU.Build.0 = Release|Any CPU
		{C6A6063F-30AF-4318-B3E1-7E5F2E385377}.Release|x64.ActiveCfg = Release|Any CPU
		{C6A6063F-30AF-4318-B3E1-7E5F2E385377}.Release|x64.Build.0 = Release|Any CPU
		{C6A6063F-30AF-4318-B3E1-7E5F2E385377}.Release|x86.ActiveCfg = Release|Any CPU
		{C6A6063F-30AF-4318-B3E1-7E5F2E385377}.Release|x86.Build.0 = Release|Any CPU
		{231E3A79-5522-4E5D-BC5C-4B90AD73BBE3}.Debug|Any CPU.ActiveCfg = Debug|Any CPU
		{231E3A79-5522-4E5D-BC5C-4B90AD73BBE3}.Debug|Any CPU.Build.0 = Debug|Any CPU
		{231E3A79-5522-4E5D-BC5C-4B90AD73BBE3}.Debug|x64.ActiveCfg = Debug|Any CPU
		{231E3A79-5522-4E5D-BC5C-4B90AD73BBE3}.Debug|x64.Build.0 = Debug|Any CPU
		{231E3A79-5522-4E5D-BC5C-4B90AD73BBE3}.Debug|x86.ActiveCfg = Debug|Any CPU
		{231E3A79-5522-4E5D-BC5C-4B90AD73BBE3}.Debug|x86.Build.0 = Debug|Any CPU
		{231E3A79-5522-4E5D-BC5C-4B90AD73BBE3}.Release|Any CPU.ActiveCfg = Release|Any CPU
		{231E3A79-5522-4E5D-BC5C-4B90AD73BBE3}.Release|Any CPU.Build.0 = Release|Any CPU
		{231E3A79-5522-4E5D-BC5C-4B90AD73BBE3}.Release|x64.ActiveCfg = Release|Any CPU
		{231E3A79-5522-4E5D-BC5C-4B90AD73BBE3}.Release|x64.Build.0 = Release|Any CPU
		{231E3A79-5522-4E5D-BC5C-4B90AD73BBE3}.Release|x86.ActiveCfg = Release|Any CPU
		{231E3A79-5522-4E5D-BC5C-4B90AD73BBE3}.Release|x86.Build.0 = Release|Any CPU
		{817268A3-BCC4-48B1-91C2-EDB5C279339A}.Debug|Any CPU.ActiveCfg = Debug|Any CPU
		{817268A3-BCC4-48B1-91C2-EDB5C279339A}.Debug|Any CPU.Build.0 = Debug|Any CPU
		{817268A3-BCC4-48B1-91C2-EDB5C279339A}.Debug|x64.ActiveCfg = Debug|Any CPU
		{817268A3-BCC4-48B1-91C2-EDB5C279339A}.Debug|x64.Build.0 = Debug|Any CPU
		{817268A3-BCC4-48B1-91C2-EDB5C279339A}.Debug|x86.ActiveCfg = Debug|Any CPU
		{817268A3-BCC4-48B1-91C2-EDB5C279339A}.Debug|x86.Build.0 = Debug|Any CPU
		{817268A3-BCC4-48B1-91C2-EDB5C279339A}.Release|Any CPU.ActiveCfg = Release|Any CPU
		{817268A3-BCC4-48B1-91C2-EDB5C279339A}.Release|Any CPU.Build.0 = Release|Any CPU
		{817268A3-BCC4-48B1-91C2-EDB5C279339A}.Release|x64.ActiveCfg = Release|Any CPU
		{817268A3-BCC4-48B1-91C2-EDB5C279339A}.Release|x64.Build.0 = Release|Any CPU
		{817268A3-BCC4-48B1-91C2-EDB5C279339A}.Release|x86.ActiveCfg = Release|Any CPU
		{817268A3-BCC4-48B1-91C2-EDB5C279339A}.Release|x86.Build.0 = Release|Any CPU
	EndGlobalSection
	GlobalSection(SolutionProperties) = preSolution
		HideSolutionNode = FALSE
	EndGlobalSection
	GlobalSection(NestedProjects) = preSolution
		{8D1E7AA1-A703-41CC-B621-3D067A62C2B8} = {827E0CD3-B72D-47B6-A68D-7590B98EB39B}
		{4BEA98FF-4B7D-4457-A02A-320D50C54552} = {827E0CD3-B72D-47B6-A68D-7590B98EB39B}
		{63A055E4-3B2C-4B8A-8076-AFF33819A85C} = {827E0CD3-B72D-47B6-A68D-7590B98EB39B}
		{32DFE8DB-35C1-4FBF-A7CD-F2E970BA296B} = {827E0CD3-B72D-47B6-A68D-7590B98EB39B}
		{EC447DCF-ABFA-6E24-52A5-D7FD48A5C558} = {827E0CD3-B72D-47B6-A68D-7590B98EB39B}
		{DA0BA8AC-146F-3151-8AAB-4B1C3358FD7A} = {EC447DCF-ABFA-6E24-52A5-D7FD48A5C558}
		{410F8D7F-386A-428F-A470-2F49ED108FE1} = {DA0BA8AC-146F-3151-8AAB-4B1C3358FD7A}
		{17DB5793-FE16-451B-BBF2-2137D95A9E6D} = {DA0BA8AC-146F-3151-8AAB-4B1C3358FD7A}
		{A846751E-8E9F-4C6B-9FA8-9FE820511AA8} = {DA0BA8AC-146F-3151-8AAB-4B1C3358FD7A}
		{7F22ACA3-A871-47DD-ACFA-DC9E7D07230B} = {DA0BA8AC-146F-3151-8AAB-4B1C3358FD7A}
		{0EC62A1A-9858-3A60-8A0C-FC9AACFA2EC7} = {EC447DCF-ABFA-6E24-52A5-D7FD48A5C558}
		{FD7FBBAE-34AB-4645-ABE7-998722C91CE0} = {0EC62A1A-9858-3A60-8A0C-FC9AACFA2EC7}
		{AF16C81E-ABEF-45F4-AEA4-6CB62CE63EE1} = {0EC62A1A-9858-3A60-8A0C-FC9AACFA2EC7}
		{5FE39C0C-62A8-4F36-A01F-0BB0EC12DD32} = {0EC62A1A-9858-3A60-8A0C-FC9AACFA2EC7}
		{42CB22AE-FB0A-4D17-9A77-ED5668753DD8} = {0EC62A1A-9858-3A60-8A0C-FC9AACFA2EC7}
		{23E7B9DF-F89C-5EAB-304D-F86FAFEECCF6} = {EC447DCF-ABFA-6E24-52A5-D7FD48A5C558}
		{72C2FAC6-BE23-48D9-8F4D-E7AC2DF625F2} = {23E7B9DF-F89C-5EAB-304D-F86FAFEECCF6}
		{FE269050-711E-4A05-BE30-76843F680774} = {23E7B9DF-F89C-5EAB-304D-F86FAFEECCF6}
		{AF04B283-5ECF-447C-8934-3215E9A9F07D} = {23E7B9DF-F89C-5EAB-304D-F86FAFEECCF6}
		{EF611FFB-4829-48CF-83F5-3F3F3A883A44} = {23E7B9DF-F89C-5EAB-304D-F86FAFEECCF6}
		{D53792AE-36FE-72E8-E36E-7E5EF0791B31} = {EC447DCF-ABFA-6E24-52A5-D7FD48A5C558}
		{1C4F2B32-0ECA-4F4A-A17E-4FEC5DA1C5EC} = {D53792AE-36FE-72E8-E36E-7E5EF0791B31}
		{FEE66715-D421-4909-9364-D4A9848A2CD2} = {D53792AE-36FE-72E8-E36E-7E5EF0791B31}
		{A21C7DB6-85A3-41CD-A76B-2C128AFA212D} = {D53792AE-36FE-72E8-E36E-7E5EF0791B31}
		{DB9D651E-1AE8-422F-8A99-21FED3350B18} = {D53792AE-36FE-72E8-E36E-7E5EF0791B31}
		{4C6BDAE4-8D09-3162-71E4-914813D2EA71} = {EC447DCF-ABFA-6E24-52A5-D7FD48A5C558}
		{9CA1E2DE-3554-4D11-8DFD-63139D038C32} = {4C6BDAE4-8D09-3162-71E4-914813D2EA71}
		{EC10B69D-1B85-4C7B-840A-80C532235C3B} = {4C6BDAE4-8D09-3162-71E4-914813D2EA71}
		{9490FEFA-C840-4310-95B0-213336053AD6} = {4C6BDAE4-8D09-3162-71E4-914813D2EA71}
		{1C0A0817-B21E-4BDF-94FB-CE387F86A038} = {4C6BDAE4-8D09-3162-71E4-914813D2EA71}
		{4AE10D05-DD3E-F48E-F17B-B26EA748633E} = {EC447DCF-ABFA-6E24-52A5-D7FD48A5C558}
		{8826C242-9FC0-4D10-91A6-D87F87B97261} = {4AE10D05-DD3E-F48E-F17B-B26EA748633E}
		{F76791DD-F1BF-43EF-A68D-17F2A33CB0D4} = {4AE10D05-DD3E-F48E-F17B-B26EA748633E}
		{1904EA3A-B73D-48B3-8E09-AE498667CA35} = {4AE10D05-DD3E-F48E-F17B-B26EA748633E}
		{4D051CCD-6726-4243-AEEE-42E147FB4D09} = {4AE10D05-DD3E-F48E-F17B-B26EA748633E}
		{9BF2A726-9349-1429-64E4-F5B69F0CD98D} = {EC447DCF-ABFA-6E24-52A5-D7FD48A5C558}
		{50E64B00-B856-478B-9528-4C9DAD3AA7B2} = {9BF2A726-9349-1429-64E4-F5B69F0CD98D}
		{62B5F369-5181-491E-8452-02A31F997D6B} = {9BF2A726-9349-1429-64E4-F5B69F0CD98D}
		{F3910316-C995-42CA-B5E2-B9E5B0B08142} = {9BF2A726-9349-1429-64E4-F5B69F0CD98D}
		{175AA89B-172E-4AC7-ACCC-8E81D0FF6661} = {9BF2A726-9349-1429-64E4-F5B69F0CD98D}
		{4F8133DB-A301-0A1E-3DDE-929E67CC9B96} = {EC447DCF-ABFA-6E24-52A5-D7FD48A5C558}
		{AD2A6D66-9655-4944-ADFA-0D05B9A6295E} = {4F8133DB-A301-0A1E-3DDE-929E67CC9B96}
		{43445F4C-E26C-4102-8625-7EB8E57CFE92} = {4F8133DB-A301-0A1E-3DDE-929E67CC9B96}
		{9A7A60DF-629D-44CA-8F6D-005D87EBC809} = {4F8133DB-A301-0A1E-3DDE-929E67CC9B96}
		{B5516940-4F6A-44B2-8EA9-8CBDC443A092} = {4F8133DB-A301-0A1E-3DDE-929E67CC9B96}
		{09A91B6C-79E6-0968-6169-7E6887562B47} = {EC447DCF-ABFA-6E24-52A5-D7FD48A5C558}
		{4948853E-B3B3-46D2-A772-E890F00B6F4A} = {09A91B6C-79E6-0968-6169-7E6887562B47}
		{91110D77-40BA-4F19-92FB-54FAB2536945} = {09A91B6C-79E6-0968-6169-7E6887562B47}
		{1C982D4F-54C0-446D-9EBC-A684D7977AAF} = {09A91B6C-79E6-0968-6169-7E6887562B47}
		{3C634335-70AC-4B28-AF52-8C1355F512A6} = {09A91B6C-79E6-0968-6169-7E6887562B47}
		{C6A6063F-30AF-4318-B3E1-7E5F2E385377} = {0AB3BF05-4346-4AA6-1389-037BE0695223}
		{231E3A79-5522-4E5D-BC5C-4B90AD73BBE3} = {0AB3BF05-4346-4AA6-1389-037BE0695223}
		{817268A3-BCC4-48B1-91C2-EDB5C279339A} = {0AB3BF05-4346-4AA6-1389-037BE0695223}
	EndGlobalSection
EndGlobal
